// !$*UTF8*$!
{
	archiveVersion = 1;
	classes = {
	};
	objectVersion = 60;
	objects = {

/* Begin PBXBuildFile section */
		100000000000000000000017 /* PriorWidgets.swift in Sources */ = {isa = PBXBuildFile; fileRef = 10000000000000000000000F /* PriorWidgets.swift */; };
		100000000000000000000018 /* Snapshot.swift in Sources */ = {isa = PBXBuildFile; fileRef = 100000000000000000000010 /* Snapshot.swift */; };
		100000000000000000000019 /* WidgetViews.swift in Sources */ = {isa = PBXBuildFile; fileRef = 100000000000000000000011 /* WidgetViews.swift */; };
		10000000000000000000001A /* WidgetKit.framework in Frameworks */ = {isa = PBXBuildFile; fileRef = 100000000000000000000014 /* WidgetKit.framework */; };
		10000000000000000000001B /* SwiftUI.framework in Frameworks */ = {isa = PBXBuildFile; fileRef = 100000000000000000000015 /* SwiftUI.framework */; };
/* End PBXBuildFile section */

/* Begin PBXFileReference section */
		10000000000000000000000F /* PriorWidgets.swift */ = {isa = PBXFileReference; lastKnownFileType = sourcecode.swift; path = PriorWidgets.swift; sourceTree = "<group>"; };
		100000000000000000000010 /* Snapshot.swift */ = {isa = PBXFileReference; lastKnownFileType = sourcecode.swift; path = Snapshot.swift; sourceTree = "<group>"; };
		100000000000000000000011 /* WidgetViews.swift */ = {isa = PBXFileReference; lastKnownFileType = sourcecode.swift; path = WidgetViews.swift; sourceTree = "<group>"; };
		100000000000000000000012 /* Info.plist */ = {isa = PBXFileReference; lastKnownFileType = text.plist.xml; path = Info.plist; sourceTree = "<group>"; };
		100000000000000000000013 /* PriorWidgets.entitlements */ = {isa = PBXFileReference; lastKnownFileType = text.xml; path = PriorWidgets.entitlements; sourceTree = "<group>"; };
		100000000000000000000014 /* WidgetKit.framework */ = {isa = PBXFileReference; lastKnownFileType = wrapper.framework; name = WidgetKit.framework; path = System/Library/Frameworks/WidgetKit.framework; sourceTree = SDKROOT; };
		100000000000000000000015 /* SwiftUI.framework */ = {isa = PBXFileReference; lastKnownFileType = wrapper.framework; name = SwiftUI.framework; path = System/Library/Frameworks/SwiftUI.framework; sourceTree = SDKROOT; };
		100000000000000000000016 /* PriorWidgets.appex */ = {isa = PBXFileReference; explicitFileType = "wrapper.app-extension"; includeInIndex = 0; path = PriorWidgets.appex; sourceTree = BUILT_PRODUCTS_DIR; };
/* End PBXFileReference section */

/* Begin PBXFrameworksBuildPhase section */
		100000000000000000000007 /* Frameworks */ = {
			isa = PBXFrameworksBuildPhase;
			buildActionMask = 2147483647;
			files = (
				10000000000000000000001A /* WidgetKit.framework in Frameworks */,
				10000000000000000000001B /* SwiftUI.framework in Frameworks */,
			);
			runOnlyForDeploymentPostprocessing = 0;
		};
/* End PBXFrameworksBuildPhase section */

/* Begin PBXGroup section */
		100000000000000000000002 /* Project */ = {
			isa = PBXGroup;
			children = (
				100000000000000000000004 /* PriorWidgets */,
				100000000000000000000003 /* Products */,
			);
			sourceTree = "<group>";
		};
		100000000000000000000003 /* Products */ = {
			isa = PBXGroup;
			children = (
				100000000000000000000016 /* PriorWidgets.appex */,
			);
			name = Products;
			sourceTree = "<group>";
		};
		100000000000000000000004 /* PriorWidgets */ = {
			isa = PBXGroup;
			children = (
				10000000000000000000000F /* PriorWidgets.swift */,
				100000000000000000000010 /* Snapshot.swift */,
				100000000000000000000011 /* WidgetViews.swift */,
				100000000000000000000012 /* Info.plist */,
				100000000000000000000013 /* PriorWidgets.entitlements */,
			);
			path = PriorWidgets;
			sourceTree = "<group>";
		};
/* End PBXGroup section */

/* Begin PBXNativeTarget section */
		100000000000000000000005 /* PriorWidgets */ = {
			isa = PBXNativeTarget;
			buildConfigurationList = 100000000000000000000009 /* Build configuration list for PBXNativeTarget "PriorWidgets" */;
			buildPhases = (
				100000000000000000000006 /* Sources */,
				100000000000000000000007 /* Frameworks */,
				100000000000000000000008 /* Resources */,
			);
			buildRules = (
			);
			dependencies = (
			);
			name = PriorWidgets;
			productName = PriorWidgets;
			productReference = 100000000000000000000016 /* PriorWidgets.appex */;
			productType = "com.apple.product-type.app-extension";
		};
/* End PBXNativeTarget section */

/* Begin PBXProject section */
		100000000000000000000001 /* Project object */ = {
			isa = PBXProject;
			attributes = {
				BuildIndependentTargetsInParallel = 1;
				LastUpgradeCheck = 1600;
			};
			buildConfigurationList = 10000000000000000000000A /* Build configuration list for PBXProject "PriorWidgets" */;
			compatibilityVersion = "Xcode 14.0";
			developmentRegion = en;
			hasScannedForEncodings = 0;
			knownRegions = (
				en,
			);
			mainGroup = 100000000000000000000002 /* Project */;
			productRefGroup = 100000000000000000000003 /* Products */;
			projectDirPath = "";
			projectRoot = "";
			targets = (
				100000000000000000000005 /* PriorWidgets */,
			);
		};
/* End PBXProject section */

/* Begin PBXResourcesBuildPhase section */
		100000000000000000000008 /* Resources */ = {
			isa = PBXResourcesBuildPhase;
			buildActionMask = 2147483647;
			files = (
			);
			runOnlyForDeploymentPostprocessing = 0;
		};
/* End PBXResourcesBuildPhase section */

/* Begin PBXSourcesBuildPhase section */
		100000000000000000000006 /* Sources */ = {
			isa = PBXSourcesBuildPhase;
			buildActionMask = 2147483647;
			files = (
				100000000000000000000017 /* PriorWidgets.swift in Sources */,
				100000000000000000000018 /* Snapshot.swift in Sources */,
				100000000000000000000019 /* WidgetViews.swift in Sources */,
			);
			runOnlyForDeploymentPostprocessing = 0;
		};
/* End PBXSourcesBuildPhase section */

/* Begin XCBuildConfiguration section */
		10000000000000000000000B /* Debug */ = {
			isa = XCBuildConfiguration;
			buildSettings = {
				CODE_SIGN_ENTITLEMENTS = PriorWidgets/PriorWidgets.entitlements;
				CODE_SIGN_STYLE = Automatic;
				GENERATE_INFOPLIST_FILE = NO;
				INFOPLIST_FILE = PriorWidgets/Info.plist;
				MACOSX_DEPLOYMENT_TARGET = 14.0;
				MARKETING_VERSION = 0.4.5;
				PRODUCT_BUNDLE_IDENTIFIER = fr.constantsuchet.prior.PriorWidgets;
				PRODUCT_NAME = PriorWidgets;
				SKIP_INSTALL = YES;
				SWIFT_OPTIMIZATION_LEVEL = "-Onone";
				SWIFT_VERSION = 5.0;
			};
			name = Debug;
		};
		10000000000000000000000C /* Release */ = {
			isa = XCBuildConfiguration;
			buildSettings = {
				CODE_SIGN_ENTITLEMENTS = PriorWidgets/PriorWidgets.entitlements;
				CODE_SIGN_STYLE = Automatic;
				ENABLE_HARDENED_RUNTIME = YES;
				GENERATE_INFOPLIST_FILE = NO;
				INFOPLIST_FILE = PriorWidgets/Info.plist;
				MACOSX_DEPLOYMENT_TARGET = 14.0;
				MARKETING_VERSION = 0.4.5;
				PRODUCT_BUNDLE_IDENTIFIER = fr.constantsuchet.prior.PriorWidgets;
				PRODUCT_NAME = PriorWidgets;
				SKIP_INSTALL = YES;
				SWIFT_VERSION = 5.0;
			};
			name = Release;
		};
		10000000000000000000000D /* Debug */ = {
			isa = XCBuildConfiguration;
			buildSettings = {
				ALWAYS_SEARCH_USER_PATHS = NO;
				CLANG_ENABLE_MODULES = YES;
				MARKETING_VERSION = 0.4.5;
				SDKROOT = macosx;
			};
			name = Debug;
		};
		10000000000000000000000E /* Release */ = {
			isa = XCBuildConfiguration;
			buildSettings = {
				ALWAYS_SEARCH_USER_PATHS = NO;
				CLANG_ENABLE_MODULES = YES;
				MARKETING_VERSION = 0.4.5;
				SDKROOT = macosx;
			};
			name = Release;
		};
/* End XCBuildConfiguration section */

/* Begin XCConfigurationList section */
		100000000000000000000009 /* Build configuration list for PBXNativeTarget "PriorWidgets" */ = {
			isa = XCConfigurationList;
			buildConfigurations = (
				10000000000000000000000B /* Debug */,
				10000000000000000000000C /* Release */,
			);
			defaultConfigurationIsVisible = 0;
			defaultConfigurationName = Release;
		};
		10000000000000000000000A /* Build configuration list for PBXProject "PriorWidgets" */ = {
			isa = XCConfigurationList;
			buildConfigurations = (
				10000000000000000000000D /* Debug */,
				10000000000000000000000E /* Release */,
			);
			defaultConfigurationIsVisible = 0;
			defaultConfigurationName = Release;
		};
/* End XCConfigurationList section */

	};
	rootObject = 100000000000000000000001 /* Project object */;
}
